
Microsoft Visual Studio Solution File, Format Version 12.00
# Visual Studio 15
VisualStudioVersion = 15.0.26730.12
MinimumVisualStudioVersion = 10.0.40219.1
Project("{FAE04EC0-301F-11D3-BF4B-00C04F79EFBC}") = "WebApplication3", "WebApplication3\WebApplication3.csproj", "{75A50EB5-C3CE-465F-8ED7-EBCD9A50231A}"
EndProject
Global
	GlobalSection(SolutionConfigurationPlatforms) = preSolution
		Debug|Any CPU = Debug|Any CPU
		Release|Any CPU = Release|Any CPU
	EndGlobalSection
	GlobalSection(ProjectConfigurationPlatforms) = postSolution
		{75A50EB5-C3CE-465F-8ED7-EBCD9A50231A}.Debug|Any CPU.ActiveCfg = Debug|Any CPU
		{75A50EB5-C3CE-465F-8ED7-EBCD9A50231A}.Debug|Any CPU.Build.0 = Debug|Any CPU
		{75A50EB5-C3CE-465F-8ED7-EBCD9A50231A}.Release|Any CPU.ActiveCfg = Release|Any CPU
		{75A50EB5-C3CE-465F-8ED7-EBCD9A50231A}.Release|Any CPU.Build.0 = Release|Any CPU
	EndGlobalSection
	GlobalSection(SolutionProperties) = preSolution
		HideSolutionNode = FALSE
	EndGlobalSection
	GlobalSection(ExtensibilityGlobals) = postSolution
		SolutionGuid = {2F31CB6B-26D3-434E-92B6-55BBD1916402}
	EndGlobalSection
EndGlobal
